
Microsoft Visual Studio Solution File, Format Version 12.00
# Visual Studio 15
VisualStudioVersion = 15.0.28307.1321
MinimumVisualStudioVersion = 10.0.40219.1
Project("{888888A0-9F3D-457C-B088-3A5042F75D52}") = "prog5", "prog5\prog5.pyproj", "{B62F4B51-3A5D-4D9D-9D57-1786797C9F90}"
EndProject
Global
	GlobalSection(SolutionConfigurationPlatforms) = preSolution
		Debug|Any CPU = Debug|Any CPU
		Release|Any CPU = Release|Any CPU
	EndGlobalSection
	GlobalSection(ProjectConfigurationPlatforms) = postSolution
		{B62F4B51-3A5D-4D9D-9D57-1786797C9F90}.Debug|Any CPU.ActiveCfg = Debug|Any CPU
		{B62F4B51-3A5D-4D9D-9D57-1786797C9F90}.Release|Any CPU.ActiveCfg = Release|Any CPU
	EndGlobalSection
	GlobalSection(SolutionProperties) = preSolution
		HideSolutionNode = FALSE
	EndGlobalSection
	GlobalSection(ExtensibilityGlobals) = postSolution
		SolutionGuid = {38927975-1229-478A-B458-93552856DF9C}
	EndGlobalSection
EndGlobal
